// !$*UTF8*$!
{
	archiveVersion = 1;
	classes = {
	};
	objectVersion = 55;
	objects = {

/* Begin PBXBuildFile section */
		3210DDD95C116920C679CF0C /* Pods_MultiplatformMessenger__iOS_.framework in Frameworks */ = {isa = PBXBuildFile; fileRef = 9A8335E6CE4F6E4428649806 /* Pods_MultiplatformMessenger__iOS_.framework */; };
		760CF8B4282E250600C60C94 /* MultiplatformMessengerApp.swift in Sources */ = {isa = PBXBuildFile; fileRef = 760CF8A4282E250400C60C94 /* MultiplatformMessengerApp.swift */; };
		760CF8B5282E250600C60C94 /* MultiplatformMessengerApp.swift in Sources */ = {isa = PBXBuildFile; fileRef = 760CF8A4282E250400C60C94 /* MultiplatformMessengerApp.swift */; };
		760CF8B6282E250600C60C94 /* ContentView.swift in Sources */ = {isa = PBXBuildFile; fileRef = 760CF8A5282E250400C60C94 /* ContentView.swift */; };
		760CF8B7282E250600C60C94 /* ContentView.swift in Sources */ = {isa = PBXBuildFile; fileRef = 760CF8A5282E250400C60C94 /* ContentView.swift */; };
		760CF8B8282E250600C60C94 /* Assets.xcassets in Resources */ = {isa = PBXBuildFile; fileRef = 760CF8A6282E250600C60C94 /* Assets.xcassets */; };
		760CF8B9282E250600C60C94 /* Assets.xcassets in Resources */ = {isa = PBXBuildFile; fileRef = 760CF8A6282E250600C60C94 /* Assets.xcassets */; };
		760CF8C8282E27DB00C60C94 /* UserService.swift in Sources */ = {isa = PBXBuildFile; fileRef = 760CF8C7282E27DB00C60C94 /* UserService.swift */; };
		760CF8C9282E27DB00C60C94 /* UserService.swift in Sources */ = {isa = PBXBuildFile; fileRef = 760CF8C7282E27DB00C60C94 /* UserService.swift */; };
		760CF8CC282E283A00C60C94 /* LoggedUser.swift in Sources */ = {isa = PBXBuildFile; fileRef = 760CF8CB282E283A00C60C94 /* LoggedUser.swift */; };
		760CF8CD282E283A00C60C94 /* LoggedUser.swift in Sources */ = {isa = PBXBuildFile; fileRef = 760CF8CB282E283A00C60C94 /* LoggedUser.swift */; };
		760CF8CF282E288700C60C94 /* StringExtension.swift in Sources */ = {isa = PBXBuildFile; fileRef = 760CF8CE282E288700C60C94 /* StringExtension.swift */; };
		760CF8D0282E288700C60C94 /* StringExtension.swift in Sources */ = {isa = PBXBuildFile; fileRef = 760CF8CE282E288700C60C94 /* StringExtension.swift */; };
		760CF8E6282E292500C60C94 /* DictionaryExtension.swift in Sources */ = {isa = PBXBuildFile; fileRef = 760CF8E5282E292500C60C94 /* DictionaryExtension.swift */; };
		760CF8E7282E292500C60C94 /* DictionaryExtension.swift in Sources */ = {isa = PBXBuildFile; fileRef = 760CF8E5282E292500C60C94 /* DictionaryExtension.swift */; };
		760CF8EB282E296E00C60C94 /* AuthUser.swift in Sources */ = {isa = PBXBuildFile; fileRef = 760CF8EA282E296E00C60C94 /* AuthUser.swift */; };
		760CF8EC282E296E00C60C94 /* AuthUser.swift in Sources */ = {isa = PBXBuildFile; fileRef = 760CF8EA282E296E00C60C94 /* AuthUser.swift */; };
		760CF8EE282E299300C60C94 /* AuthPerson.swift in Sources */ = {isa = PBXBuildFile; fileRef = 760CF8ED282E299300C60C94 /* AuthPerson.swift */; };
		760CF8EF282E299300C60C94 /* AuthPerson.swift in Sources */ = {isa = PBXBuildFile; fileRef = 760CF8ED282E299300C60C94 /* AuthPerson.swift */; };
		760CF8F0282E29A500C60C94 /* ApiObject.swift in Sources */ = {isa = PBXBuildFile; fileRef = 760CF8E9282E295B00C60C94 /* ApiObject.swift */; };
		760CF8F1282E29A500C60C94 /* ApiObject.swift in Sources */ = {isa = PBXBuildFile; fileRef = 760CF8E9282E295B00C60C94 /* ApiObject.swift */; };
		760CF8F2282E29A900C60C94 /* ApiCollection.swift in Sources */ = {isa = PBXBuildFile; fileRef = 760CF8E8282E295B00C60C94 /* ApiCollection.swift */; };
		760CF8F3282E29A900C60C94 /* ApiCollection.swift in Sources */ = {isa = PBXBuildFile; fileRef = 760CF8E8282E295B00C60C94 /* ApiCollection.swift */; };
		760CF8F5282E29FF00C60C94 /* AuthEmployee.swift in Sources */ = {isa = PBXBuildFile; fileRef = 760CF8F4282E29FF00C60C94 /* AuthEmployee.swift */; };
		760CF8F6282E29FF00C60C94 /* AuthEmployee.swift in Sources */ = {isa = PBXBuildFile; fileRef = 760CF8F4282E29FF00C60C94 /* AuthEmployee.swift */; };
		760CF8F8282E2A2C00C60C94 /* UserUser.swift in Sources */ = {isa = PBXBuildFile; fileRef = 760CF8F7282E2A2C00C60C94 /* UserUser.swift */; };
		760CF8F9282E2A2C00C60C94 /* UserUser.swift in Sources */ = {isa = PBXBuildFile; fileRef = 760CF8F7282E2A2C00C60C94 /* UserUser.swift */; };
		760CF8FB282E2A4D00C60C94 /* CommonApp.swift in Sources */ = {isa = PBXBuildFile; fileRef = 760CF8FA282E2A4D00C60C94 /* CommonApp.swift */; };
		760CF8FC282E2A4D00C60C94 /* CommonApp.swift in Sources */ = {isa = PBXBuildFile; fileRef = 760CF8FA282E2A4D00C60C94 /* CommonApp.swift */; };
		760CF8FE282E2A7300C60C94 /* CommonCountry.swift in Sources */ = {isa = PBXBuildFile; fileRef = 760CF8FD282E2A7300C60C94 /* CommonCountry.swift */; };
		760CF8FF282E2A7300C60C94 /* CommonCountry.swift in Sources */ = {isa = PBXBuildFile; fileRef = 760CF8FD282E2A7300C60C94 /* CommonCountry.swift */; };
		760CF901282E2AA200C60C94 /* HRMEployee.swift in Sources */ = {isa = PBXBuildFile; fileRef = 760CF900282E2AA200C60C94 /* HRMEployee.swift */; };
		760CF902282E2AA200C60C94 /* HRMEployee.swift in Sources */ = {isa = PBXBuildFile; fileRef = 760CF900282E2AA200C60C94 /* HRMEployee.swift */; };
		760CF904282E2AC200C60C94 /* HRMQualification.swift in Sources */ = {isa = PBXBuildFile; fileRef = 760CF903282E2AC200C60C94 /* HRMQualification.swift */; };
		760CF905282E2AC200C60C94 /* HRMQualification.swift in Sources */ = {isa = PBXBuildFile; fileRef = 760CF903282E2AC200C60C94 /* HRMQualification.swift */; };
		760CF907282E2B1D00C60C94 /* DicoMqttMessage.swift in Sources */ = {isa = PBXBuildFile; fileRef = 760CF906282E2B1D00C60C94 /* DicoMqttMessage.swift */; };
		760CF908282E2B1D00C60C94 /* DicoMqttMessage.swift in Sources */ = {isa = PBXBuildFile; fileRef = 760CF906282E2B1D00C60C94 /* DicoMqttMessage.swift */; };
		760CF90A282E2B4D00C60C94 /* MQTTClient.swift in Sources */ = {isa = PBXBuildFile; fileRef = 760CF909282E2B4D00C60C94 /* MQTTClient.swift */; };
		760CF90B282E2B4D00C60C94 /* MQTTClient.swift in Sources */ = {isa = PBXBuildFile; fileRef = 760CF909282E2B4D00C60C94 /* MQTTClient.swift */; };
		760CF90D282E2B7500C60C94 /* CoreEntity.swift in Sources */ = {isa = PBXBuildFile; fileRef = 760CF90C282E2B7500C60C94 /* CoreEntity.swift */; };
		760CF90E282E2B7500C60C94 /* CoreEntity.swift in Sources */ = {isa = PBXBuildFile; fileRef = 760CF90C282E2B7500C60C94 /* CoreEntity.swift */; };
		760CF910282E2B9F00C60C94 /* MessengerMessage.swift in Sources */ = {isa = PBXBuildFile; fileRef = 760CF90F282E2B9F00C60C94 /* MessengerMessage.swift */; };
		760CF911282E2B9F00C60C94 /* MessengerMessage.swift in Sources */ = {isa = PBXBuildFile; fileRef = 760CF90F282E2B9F00C60C94 /* MessengerMessage.swift */; };
		760CF913282E2BBD00C60C94 /* MessengerChatRoom.swift in Sources */ = {isa = PBXBuildFile; fileRef = 760CF912282E2BBD00C60C94 /* MessengerChatRoom.swift */; };
		760CF914282E2BBD00C60C94 /* MessengerChatRoom.swift in Sources */ = {isa = PBXBuildFile; fileRef = 760CF912282E2BBD00C60C94 /* MessengerChatRoom.swift */; };
		760CF916282E2C5300C60C94 /* OHCenter.swift in Sources */ = {isa = PBXBuildFile; fileRef = 760CF915282E2C5300C60C94 /* OHCenter.swift */; };
		760CF917282E2C5300C60C94 /* OHCenter.swift in Sources */ = {isa = PBXBuildFile; fileRef = 760CF915282E2C5300C60C94 /* OHCenter.swift */; };
		760CF919282E2C7600C60C94 /* FileFile.swift in Sources */ = {isa = PBXBuildFile; fileRef = 760CF918282E2C7600C60C94 /* FileFile.swift */; };
		760CF91A282E2C7600C60C94 /* FileFile.swift in Sources */ = {isa = PBXBuildFile; fileRef = 760CF918282E2C7600C60C94 /* FileFile.swift */; };
		760CF91C282E2C8600C60C94 /* CommonAction.swift in Sources */ = {isa = PBXBuildFile; fileRef = 760CF91B282E2C8600C60C94 /* CommonAction.swift */; };
		760CF91D282E2C8600C60C94 /* CommonAction.swift in Sources */ = {isa = PBXBuildFile; fileRef = 760CF91B282E2C8600C60C94 /* CommonAction.swift */; };
		760CF91F282E2C9B00C60C94 /* CommonColor.swift in Sources */ = {isa = PBXBuildFile; fileRef = 760CF91E282E2C9B00C60C94 /* CommonColor.swift */; };
		760CF920282E2C9B00C60C94 /* CommonColor.swift in Sources */ = {isa = PBXBuildFile; fileRef = 760CF91E282E2C9B00C60C94 /* CommonColor.swift */; };
		760CF922282E2CCF00C60C94 /* TimeZoneExtension.swift in Sources */ = {isa = PBXBuildFile; fileRef = 760CF921282E2CCF00C60C94 /* TimeZoneExtension.swift */; };
		760CF923282E2CCF00C60C94 /* TimeZoneExtension.swift in Sources */ = {isa = PBXBuildFile; fileRef = 760CF921282E2CCF00C60C94 /* TimeZoneExtension.swift */; };
		760CF925282E2D1900C60C94 /* DateExtension.swift in Sources */ = {isa = PBXBuildFile; fileRef = 760CF924282E2D1900C60C94 /* DateExtension.swift */; };
		760CF926282E2D1900C60C94 /* DateExtension.swift in Sources */ = {isa = PBXBuildFile; fileRef = 760CF924282E2D1900C60C94 /* DateExtension.swift */; };
		760CF928282E2D4700C60C94 /* MentionMention.swift in Sources */ = {isa = PBXBuildFile; fileRef = 760CF927282E2D4700C60C94 /* MentionMention.swift */; };
		760CF929282E2D4700C60C94 /* MentionMention.swift in Sources */ = {isa = PBXBuildFile; fileRef = 760CF927282E2D4700C60C94 /* MentionMention.swift */; };
		760CF92B282E2E4100C60C94 /* AnyApiObjectTransformType.swift in Sources */ = {isa = PBXBuildFile; fileRef = 760CF92A282E2E4100C60C94 /* AnyApiObjectTransformType.swift */; };
		760CF92C282E2E4100C60C94 /* AnyApiObjectTransformType.swift in Sources */ = {isa = PBXBuildFile; fileRef = 760CF92A282E2E4100C60C94 /* AnyApiObjectTransformType.swift */; };
		760CF92E282E2E5D00C60C94 /* ApiObjectTransformType.swift in Sources */ = {isa = PBXBuildFile; fileRef = 760CF92D282E2E5D00C60C94 /* ApiObjectTransformType.swift */; };
		760CF92F282E2E5D00C60C94 /* ApiObjectTransformType.swift in Sources */ = {isa = PBXBuildFile; fileRef = 760CF92D282E2E5D00C60C94 /* ApiObjectTransformType.swift */; };
		760CF931282E2E6F00C60C94 /* DateTransformType.swift in Sources */ = {isa = PBXBuildFile; fileRef = 760CF930282E2E6F00C60C94 /* DateTransformType.swift */; };
		760CF932282E2E6F00C60C94 /* DateTransformType.swift in Sources */ = {isa = PBXBuildFile; fileRef = 760CF930282E2E6F00C60C94 /* DateTransformType.swift */; };
		760CF934282E2E7F00C60C94 /* DoubleTransformType.swift in Sources */ = {isa = PBXBuildFile; fileRef = 760CF933282E2E7F00C60C94 /* DoubleTransformType.swift */; };
		760CF935282E2E7F00C60C94 /* DoubleTransformType.swift in Sources */ = {isa = PBXBuildFile; fileRef = 760CF933282E2E7F00C60C94 /* DoubleTransformType.swift */; };
		760CF937282E2F2D00C60C94 /* AppMain.swift in Sources */ = {isa = PBXBuildFile; fileRef = 760CF936282E2F2D00C60C94 /* AppMain.swift */; };
		760CF938282E2F2D00C60C94 /* AppMain.swift in Sources */ = {isa = PBXBuildFile; fileRef = 760CF936282E2F2D00C60C94 /* AppMain.swift */; };
		B73E62DCA9168E85A79C3D7A /* Pods_MultiplatformMessenger__macOS_.framework in Frameworks */ = {isa = PBXBuildFile; fileRef = BE87E98174622B1E190BB937 /* Pods_MultiplatformMessenger__macOS_.framework */; };
/* End PBXBuildFile section */

/* Begin PBXFileReference section */
		37A96FA52D4B0665C063FC89 /* Pods-MultiplatformMessenger (macOS).debug.xcconfig */ = {isa = PBXFileReference; includeInIndex = 1; lastKnownFileType = text.xcconfig; name = "Pods-MultiplatformMessenger (macOS).debug.xcconfig"; path = "Target Support Files/Pods-MultiplatformMessenger (macOS)/Pods-MultiplatformMessenger (macOS).debug.xcconfig"; sourceTree = "<group>"; };
		4678B48B1F136FFCF4454EBC /* Pods-MultiplatformMessenger (macOS).release.xcconfig */ = {isa = PBXFileReference; includeInIndex = 1; lastKnownFileType = text.xcconfig; name = "Pods-MultiplatformMessenger (macOS).release.xcconfig"; path = "Target Support Files/Pods-MultiplatformMessenger (macOS)/Pods-MultiplatformMessenger (macOS).release.xcconfig"; sourceTree = "<group>"; };
		756E5F0950CAC6D3169FCFD7 /* Pods-MultiplatformMessenger (iOS).release.xcconfig */ = {isa = PBXFileReference; includeInIndex = 1; lastKnownFileType = text.xcconfig; name = "Pods-MultiplatformMessenger (iOS).release.xcconfig"; path = "Target Support Files/Pods-MultiplatformMessenger (iOS)/Pods-MultiplatformMessenger (iOS).release.xcconfig"; sourceTree = "<group>"; };
		760CF8A4282E250400C60C94 /* MultiplatformMessengerApp.swift */ = {isa = PBXFileReference; lastKnownFileType = sourcecode.swift; path = MultiplatformMessengerApp.swift; sourceTree = "<group>"; };
		760CF8A5282E250400C60C94 /* ContentView.swift */ = {isa = PBXFileReference; lastKnownFileType = sourcecode.swift; path = ContentView.swift; sourceTree = "<group>"; };
		760CF8A6282E250600C60C94 /* Assets.xcassets */ = {isa = PBXFileReference; lastKnownFileType = folder.assetcatalog; path = Assets.xcassets; sourceTree = "<group>"; };
		760CF8AB282E250600C60C94 /* MultiplatformMessenger.app */ = {isa = PBXFileReference; explicitFileType = wrapper.application; includeInIndex = 0; path = MultiplatformMessenger.app; sourceTree = BUILT_PRODUCTS_DIR; };
		760CF8B1282E250600C60C94 /* MultiplatformMessenger.app */ = {isa = PBXFileReference; explicitFileType = wrapper.application; includeInIndex = 0; path = MultiplatformMessenger.app; sourceTree = BUILT_PRODUCTS_DIR; };
		760CF8B3282E250600C60C94 /* macOS.entitlements */ = {isa = PBXFileReference; lastKnownFileType = text.plist.entitlements; path = macOS.entitlements; sourceTree = "<group>"; };
		760CF8C7282E27DB00C60C94 /* UserService.swift */ = {isa = PBXFileReference; lastKnownFileType = sourcecode.swift; path = UserService.swift; sourceTree = "<group>"; };
		760CF8CB282E283A00C60C94 /* LoggedUser.swift */ = {isa = PBXFileReference; lastKnownFileType = sourcecode.swift; path = LoggedUser.swift; sourceTree = "<group>"; };
		760CF8CE282E288700C60C94 /* StringExtension.swift */ = {isa = PBXFileReference; lastKnownFileType = sourcecode.swift; path = StringExtension.swift; sourceTree = "<group>"; };
		760CF8E5282E292500C60C94 /* DictionaryExtension.swift */ = {isa = PBXFileReference; lastKnownFileType = sourcecode.swift; path = DictionaryExtension.swift; sourceTree = "<group>"; };
		760CF8E8282E295B00C60C94 /* ApiCollection.swift */ = {isa = PBXFileReference; lastKnownFileType = sourcecode.swift; path = ApiCollection.swift; sourceTree = "<group>"; };
		760CF8E9282E295B00C60C94 /* ApiObject.swift */ = {isa = PBXFileReference; lastKnownFileType = sourcecode.swift; path = ApiObject.swift; sourceTree = "<group>"; };
		760CF8EA282E296E00C60C94 /* AuthUser.swift */ = {isa = PBXFileReference; lastKnownFileType = sourcecode.swift; path = AuthUser.swift; sourceTree = "<group>"; };
		760CF8ED282E299300C60C94 /* AuthPerson.swift */ = {isa = PBXFileReference; lastKnownFileType = sourcecode.swift; path = AuthPerson.swift; sourceTree = "<group>"; };
		760CF8F4282E29FF00C60C94 /* AuthEmployee.swift */ = {isa = PBXFileReference; lastKnownFileType = sourcecode.swift; path = AuthEmployee.swift; sourceTree = "<group>"; };
		760CF8F7282E2A2C00C60C94 /* UserUser.swift */ = {isa = PBXFileReference; lastKnownFileType = sourcecode.swift; path = UserUser.swift; sourceTree = "<group>"; };
		760CF8FA282E2A4D00C60C94 /* CommonApp.swift */ = {isa = PBXFileReference; lastKnownFileType = sourcecode.swift; path = CommonApp.swift; sourceTree = "<group>"; };
		760CF8FD282E2A7300C60C94 /* CommonCountry.swift */ = {isa = PBXFileReference; lastKnownFileType = sourcecode.swift; path = CommonCountry.swift; sourceTree = "<group>"; };
		760CF900282E2AA200C60C94 /* HRMEployee.swift */ = {isa = PBXFileReference; lastKnownFileType = sourcecode.swift; path = HRMEployee.swift; sourceTree = "<group>"; };
		760CF903282E2AC200C60C94 /* HRMQualification.swift */ = {isa = PBXFileReference; lastKnownFileType = sourcecode.swift; path = HRMQualification.swift; sourceTree = "<group>"; };
		760CF906282E2B1D00C60C94 /* DicoMqttMessage.swift */ = {isa = PBXFileReference; lastKnownFileType = sourcecode.swift; path = DicoMqttMessage.swift; sourceTree = "<group>"; };
		760CF909282E2B4D00C60C94 /* MQTTClient.swift */ = {isa = PBXFileReference; lastKnownFileType = sourcecode.swift; path = MQTTClient.swift; sourceTree = "<group>"; };
		760CF90C282E2B7500C60C94 /* CoreEntity.swift */ = {isa = PBXFileReference; lastKnownFileType = sourcecode.swift; path = CoreEntity.swift; sourceTree = "<group>"; };
		760CF90F282E2B9F00C60C94 /* MessengerMessage.swift */ = {isa = PBXFileReference; lastKnownFileType = sourcecode.swift; path = MessengerMessage.swift; sourceTree = "<group>"; };
		760CF912282E2BBD00C60C94 /* MessengerChatRoom.swift */ = {isa = PBXFileReference; lastKnownFileType = sourcecode.swift; path = MessengerChatRoom.swift; sourceTree = "<group>"; };
		760CF915282E2C5300C60C94 /* OHCenter.swift */ = {isa = PBXFileReference; lastKnownFileType = sourcecode.swift; path = OHCenter.swift; sourceTree = "<group>"; };
		760CF918282E2C7600C60C94 /* FileFile.swift */ = {isa = PBXFileReference; lastKnownFileType = sourcecode.swift; path = FileFile.swift; sourceTree = "<group>"; };
		760CF91B282E2C8600C60C94 /* CommonAction.swift */ = {isa = PBXFileReference; lastKnownFileType = sourcecode.swift; path = CommonAction.swift; sourceTree = "<group>"; };
		760CF91E282E2C9B00C60C94 /* CommonColor.swift */ = {isa = PBXFileReference; lastKnownFileType = sourcecode.swift; path = CommonColor.swift; sourceTree = "<group>"; };
		760CF921282E2CCF00C60C94 /* TimeZoneExtension.swift */ = {isa = PBXFileReference; lastKnownFileType = sourcecode.swift; path = TimeZoneExtension.swift; sourceTree = "<group>"; };
		760CF924282E2D1900C60C94 /* DateExtension.swift */ = {isa = PBXFileReference; lastKnownFileType = sourcecode.swift; path = DateExtension.swift; sourceTree = "<group>"; };
		760CF927282E2D4700C60C94 /* MentionMention.swift */ = {isa = PBXFileReference; lastKnownFileType = sourcecode.swift; path = MentionMention.swift; sourceTree = "<group>"; };
		760CF92A282E2E4100C60C94 /* AnyApiObjectTransformType.swift */ = {isa = PBXFileReference; lastKnownFileType = sourcecode.swift; path = AnyApiObjectTransformType.swift; sourceTree = "<group>"; };
		760CF92D282E2E5D00C60C94 /* ApiObjectTransformType.swift */ = {isa = PBXFileReference; lastKnownFileType = sourcecode.swift; path = ApiObjectTransformType.swift; sourceTree = "<group>"; };
		760CF930282E2E6F00C60C94 /* DateTransformType.swift */ = {isa = PBXFileReference; lastKnownFileType = sourcecode.swift; path = DateTransformType.swift; sourceTree = "<group>"; };
		760CF933282E2E7F00C60C94 /* DoubleTransformType.swift */ = {isa = PBXFileReference; lastKnownFileType = sourcecode.swift; path = DoubleTransformType.swift; sourceTree = "<group>"; };
		760CF936282E2F2D00C60C94 /* AppMain.swift */ = {isa = PBXFileReference; lastKnownFileType = sourcecode.swift; path = AppMain.swift; sourceTree = "<group>"; };
		9A8335E6CE4F6E4428649806 /* Pods_MultiplatformMessenger__iOS_.framework */ = {isa = PBXFileReference; explicitFileType = wrapper.framework; includeInIndex = 0; path = Pods_MultiplatformMessenger__iOS_.framework; sourceTree = BUILT_PRODUCTS_DIR; };
		BE87E98174622B1E190BB937 /* Pods_MultiplatformMessenger__macOS_.framework */ = {isa = PBXFileReference; explicitFileType = wrapper.framework; includeInIndex = 0; path = Pods_MultiplatformMessenger__macOS_.framework; sourceTree = BUILT_PRODUCTS_DIR; };
		D07D33D8E18C25D8CA7AFFC2 /* Pods-MultiplatformMessenger (iOS).debug.xcconfig */ = {isa = PBXFileReference; includeInIndex = 1; lastKnownFileType = text.xcconfig; name = "Pods-MultiplatformMessenger (iOS).debug.xcconfig"; path = "Target Support Files/Pods-MultiplatformMessenger (iOS)/Pods-MultiplatformMessenger (iOS).debug.xcconfig"; sourceTree = "<group>"; };
/* End PBXFileReference section */

/* Begin PBXFrameworksBuildPhase section */
		760CF8A8282E250600C60C94 /* Frameworks */ = {
			isa = PBXFrameworksBuildPhase;
			buildActionMask = 2147483647;
			files = (
				3210DDD95C116920C679CF0C /* Pods_MultiplatformMessenger__iOS_.framework in Frameworks */,
			);
			runOnlyForDeploymentPostprocessing = 0;
		};
		760CF8AE282E250600C60C94 /* Frameworks */ = {
			isa = PBXFrameworksBuildPhase;
			buildActionMask = 2147483647;
			files = (
				B73E62DCA9168E85A79C3D7A /* Pods_MultiplatformMessenger__macOS_.framework in Frameworks */,
			);
			runOnlyForDeploymentPostprocessing = 0;
		};
/* End PBXFrameworksBuildPhase section */

/* Begin PBXGroup section */
		1B4BDB4703B3081A845FC2CA /* Pods */ = {
			isa = PBXGroup;
			children = (
				D07D33D8E18C25D8CA7AFFC2 /* Pods-MultiplatformMessenger (iOS).debug.xcconfig */,
				756E5F0950CAC6D3169FCFD7 /* Pods-MultiplatformMessenger (iOS).release.xcconfig */,
				37A96FA52D4B0665C063FC89 /* Pods-MultiplatformMessenger (macOS).debug.xcconfig */,
				4678B48B1F136FFCF4454EBC /* Pods-MultiplatformMessenger (macOS).release.xcconfig */,
			);
			path = Pods;
			sourceTree = "<group>";
		};
		760CF89E282E250400C60C94 = {
			isa = PBXGroup;
			children = (
				760CF8A3282E250400C60C94 /* Shared */,
				760CF8B2282E250600C60C94 /* macOS */,
				760CF8AC282E250600C60C94 /* Products */,
				1B4BDB4703B3081A845FC2CA /* Pods */,
				A7F1CEE13610DEDD74A6FA9D /* Frameworks */,
			);
			sourceTree = "<group>";
		};
		760CF8A3282E250400C60C94 /* Shared */ = {
			isa = PBXGroup;
			children = (
				760CF8CA282E282600C60C94 /* ApiObjects */,
				760CF8C6282E27B300C60C94 /* Services */,
				760CF8C3282E279800C60C94 /* UI */,
				760CF8C2282E261900C60C94 /* Extensions */,
				760CF8A4282E250400C60C94 /* MultiplatformMessengerApp.swift */,
				760CF8A5282E250400C60C94 /* ContentView.swift */,
				760CF8A6282E250600C60C94 /* Assets.xcassets */,
				760CF936282E2F2D00C60C94 /* AppMain.swift */,
			);
			path = Shared;
			sourceTree = "<group>";
		};
		760CF8AC282E250600C60C94 /* Products */ = {
			isa = PBXGroup;
			children = (
				760CF8AB282E250600C60C94 /* MultiplatformMessenger.app */,
				760CF8B1282E250600C60C94 /* MultiplatformMessenger.app */,
			);
			name = Products;
			sourceTree = "<group>";
		};
		760CF8B2282E250600C60C94 /* macOS */ = {
			isa = PBXGroup;
			children = (
				760CF8B3282E250600C60C94 /* macOS.entitlements */,
			);
			path = macOS;
			sourceTree = "<group>";
		};
		760CF8C2282E261900C60C94 /* Extensions */ = {
			isa = PBXGroup;
			children = (
				760CF8CE282E288700C60C94 /* StringExtension.swift */,
				760CF8E5282E292500C60C94 /* DictionaryExtension.swift */,
				760CF921282E2CCF00C60C94 /* TimeZoneExtension.swift */,
				760CF924282E2D1900C60C94 /* DateExtension.swift */,
			);
			path = Extensions;
			sourceTree = "<group>";
		};
		760CF8C3282E279800C60C94 /* UI */ = {
			isa = PBXGroup;
			children = (
				760CF8C5282E27A300C60C94 /* Screens */,
				760CF8C4282E279E00C60C94 /* Components */,
			);
			path = UI;
			sourceTree = "<group>";
		};
		760CF8C4282E279E00C60C94 /* Components */ = {
			isa = PBXGroup;
			children = (
			);
			path = Components;
			sourceTree = "<group>";
		};
		760CF8C5282E27A300C60C94 /* Screens */ = {
			isa = PBXGroup;
			children = (
			);
			path = Screens;
			sourceTree = "<group>";
		};
		760CF8C6282E27B300C60C94 /* Services */ = {
			isa = PBXGroup;
			children = (
				760CF8C7282E27DB00C60C94 /* UserService.swift */,
			);
			path = Services;
			sourceTree = "<group>";
		};
		760CF8CA282E282600C60C94 /* ApiObjects */ = {
			isa = PBXGroup;
			children = (
				760CF8D1282E28B300C60C94 /* Libs */,
				760CF8CB282E283A00C60C94 /* LoggedUser.swift */,
				760CF8EA282E296E00C60C94 /* AuthUser.swift */,
				760CF8ED282E299300C60C94 /* AuthPerson.swift */,
				760CF8F4282E29FF00C60C94 /* AuthEmployee.swift */,
				760CF8F7282E2A2C00C60C94 /* UserUser.swift */,
				760CF8FA282E2A4D00C60C94 /* CommonApp.swift */,
				760CF8FD282E2A7300C60C94 /* CommonCountry.swift */,
				760CF900282E2AA200C60C94 /* HRMEployee.swift */,
				760CF903282E2AC200C60C94 /* HRMQualification.swift */,
				760CF906282E2B1D00C60C94 /* DicoMqttMessage.swift */,
				760CF909282E2B4D00C60C94 /* MQTTClient.swift */,
				760CF90C282E2B7500C60C94 /* CoreEntity.swift */,
				760CF90F282E2B9F00C60C94 /* MessengerMessage.swift */,
				760CF912282E2BBD00C60C94 /* MessengerChatRoom.swift */,
				760CF915282E2C5300C60C94 /* OHCenter.swift */,
				760CF918282E2C7600C60C94 /* FileFile.swift */,
				760CF91B282E2C8600C60C94 /* CommonAction.swift */,
				760CF91E282E2C9B00C60C94 /* CommonColor.swift */,
				760CF927282E2D4700C60C94 /* MentionMention.swift */,
			);
			path = ApiObjects;
			sourceTree = "<group>";
		};
		760CF8D1282E28B300C60C94 /* Libs */ = {
			isa = PBXGroup;
			children = (
				760CF8E8282E295B00C60C94 /* ApiCollection.swift */,
				760CF8E9282E295B00C60C94 /* ApiObject.swift */,
				760CF8D2282E28D600C60C94 /* TransformType */,
			);
			path = Libs;
			sourceTree = "<group>";
		};
		760CF8D2282E28D600C60C94 /* TransformType */ = {
			isa = PBXGroup;
			children = (
				760CF92A282E2E4100C60C94 /* AnyApiObjectTransformType.swift */,
				760CF92D282E2E5D00C60C94 /* ApiObjectTransformType.swift */,
				760CF930282E2E6F00C60C94 /* DateTransformType.swift */,
				760CF933282E2E7F00C60C94 /* DoubleTransformType.swift */,
			);
			path = TransformType;
			sourceTree = "<group>";
		};
		A7F1CEE13610DEDD74A6FA9D /* Frameworks */ = {
			isa = PBXGroup;
			children = (
				9A8335E6CE4F6E4428649806 /* Pods_MultiplatformMessenger__iOS_.framework */,
				BE87E98174622B1E190BB937 /* Pods_MultiplatformMessenger__macOS_.framework */,
			);
			name = Frameworks;
			sourceTree = "<group>";
		};
/* End PBXGroup section */

/* Begin PBXNativeTarget section */
		760CF8AA282E250600C60C94 /* MultiplatformMessenger (iOS) */ = {
			isa = PBXNativeTarget;
			buildConfigurationList = 760CF8BC282E250600C60C94 /* Build configuration list for PBXNativeTarget "MultiplatformMessenger (iOS)" */;
			buildPhases = (
				E595213FBF413527B229733B /* [CP] Check Pods Manifest.lock */,
				760CF8A7282E250600C60C94 /* Sources */,
				760CF8A8282E250600C60C94 /* Frameworks */,
				760CF8A9282E250600C60C94 /* Resources */,
				9A3B88DDCE801C84B58D970D /* [CP] Embed Pods Frameworks */,
			);
			buildRules = (
			);
			dependencies = (
			);
			name = "MultiplatformMessenger (iOS)";
			productName = "MultiplatformMessenger (iOS)";
			productReference = 760CF8AB282E250600C60C94 /* MultiplatformMessenger.app */;
			productType = "com.apple.product-type.application";
		};
		760CF8B0282E250600C60C94 /* MultiplatformMessenger (macOS) */ = {
			isa = PBXNativeTarget;
			buildConfigurationList = 760CF8BF282E250600C60C94 /* Build configuration list for PBXNativeTarget "MultiplatformMessenger (macOS)" */;
			buildPhases = (
				5265C5AB05346F8228C17212 /* [CP] Check Pods Manifest.lock */,
				760CF8AD282E250600C60C94 /* Sources */,
				760CF8AE282E250600C60C94 /* Frameworks */,
				760CF8AF282E250600C60C94 /* Resources */,
				16758EBD64EDC69DA88D77D4 /* [CP] Embed Pods Frameworks */,
			);
			buildRules = (
			);
			dependencies = (
			);
			name = "MultiplatformMessenger (macOS)";
			productName = "MultiplatformMessenger (macOS)";
			productReference = 760CF8B1282E250600C60C94 /* MultiplatformMessenger.app */;
			productType = "com.apple.product-type.application";
		};
/* End PBXNativeTarget section */

/* Begin PBXProject section */
		760CF89F282E250400C60C94 /* Project object */ = {
			isa = PBXProject;
			attributes = {
				BuildIndependentTargetsInParallel = 1;
				LastSwiftUpdateCheck = 1330;
				LastUpgradeCheck = 1330;
				TargetAttributes = {
					760CF8AA282E250600C60C94 = {
						CreatedOnToolsVersion = 13.3.1;
					};
					760CF8B0282E250600C60C94 = {
						CreatedOnToolsVersion = 13.3.1;
					};
				};
			};
			buildConfigurationList = 760CF8A2282E250400C60C94 /* Build configuration list for PBXProject "MultiplatformMessenger" */;
			compatibilityVersion = "Xcode 13.0";
			developmentRegion = en;
			hasScannedForEncodings = 0;
			knownRegions = (
				en,
				Base,
			);
			mainGroup = 760CF89E282E250400C60C94;
			productRefGroup = 760CF8AC282E250600C60C94 /* Products */;
			projectDirPath = "";
			projectRoot = "";
			targets = (
				760CF8AA282E250600C60C94 /* MultiplatformMessenger (iOS) */,
				760CF8B0282E250600C60C94 /* MultiplatformMessenger (macOS) */,
			);
		};
/* End PBXProject section */

/* Begin PBXResourcesBuildPhase section */
		760CF8A9282E250600C60C94 /* Resources */ = {
			isa = PBXResourcesBuildPhase;
			buildActionMask = 2147483647;
			files = (
				760CF8B8282E250600C60C94 /* Assets.xcassets in Resources */,
			);
			runOnlyForDeploymentPostprocessing = 0;
		};
		760CF8AF282E250600C60C94 /* Resources */ = {
			isa = PBXResourcesBuildPhase;
			buildActionMask = 2147483647;
			files = (
				760CF8B9282E250600C60C94 /* Assets.xcassets in Resources */,
			);
			runOnlyForDeploymentPostprocessing = 0;
		};
/* End PBXResourcesBuildPhase section */

/* Begin PBXShellScriptBuildPhase section */
		16758EBD64EDC69DA88D77D4 /* [CP] Embed Pods Frameworks */ = {
			isa = PBXShellScriptBuildPhase;
			buildActionMask = 2147483647;
			files = (
			);
			inputFileListPaths = (
				"${PODS_ROOT}/Target Support Files/Pods-MultiplatformMessenger (macOS)/Pods-MultiplatformMessenger (macOS)-frameworks-${CONFIGURATION}-input-files.xcfilelist",
			);
			name = "[CP] Embed Pods Frameworks";
			outputFileListPaths = (
				"${PODS_ROOT}/Target Support Files/Pods-MultiplatformMessenger (macOS)/Pods-MultiplatformMessenger (macOS)-frameworks-${CONFIGURATION}-output-files.xcfilelist",
			);
			runOnlyForDeploymentPostprocessing = 0;
			shellPath = /bin/sh;
			shellScript = "\"${PODS_ROOT}/Target Support Files/Pods-MultiplatformMessenger (macOS)/Pods-MultiplatformMessenger (macOS)-frameworks.sh\"\n";
			showEnvVarsInLog = 0;
		};
		5265C5AB05346F8228C17212 /* [CP] Check Pods Manifest.lock */ = {
			isa = PBXShellScriptBuildPhase;
			buildActionMask = 2147483647;
			files = (
			);
			inputFileListPaths = (
			);
			inputPaths = (
				"${PODS_PODFILE_DIR_PATH}/Podfile.lock",
				"${PODS_ROOT}/Manifest.lock",
			);
			name = "[CP] Check Pods Manifest.lock";
			outputFileListPaths = (
			);
			outputPaths = (
				"$(DERIVED_FILE_DIR)/Pods-MultiplatformMessenger (macOS)-checkManifestLockResult.txt",
			);
			runOnlyForDeploymentPostprocessing = 0;
			shellPath = /bin/sh;
			shellScript = "diff \"${PODS_PODFILE_DIR_PATH}/Podfile.lock\" \"${PODS_ROOT}/Manifest.lock\" > /dev/null\nif [ $? != 0 ] ; then\n    # print error to STDERR\n    echo \"error: The sandbox is not in sync with the Podfile.lock. Run 'pod install' or update your CocoaPods installation.\" >&2\n    exit 1\nfi\n# This output is used by Xcode 'outputs' to avoid re-running this script phase.\necho \"SUCCESS\" > \"${SCRIPT_OUTPUT_FILE_0}\"\n";
			showEnvVarsInLog = 0;
		};
		9A3B88DDCE801C84B58D970D /* [CP] Embed Pods Frameworks */ = {
			isa = PBXShellScriptBuildPhase;
			buildActionMask = 2147483647;
			files = (
			);
			inputFileListPaths = (
				"${PODS_ROOT}/Target Support Files/Pods-MultiplatformMessenger (iOS)/Pods-MultiplatformMessenger (iOS)-frameworks-${CONFIGURATION}-input-files.xcfilelist",
			);
			name = "[CP] Embed Pods Frameworks";
			outputFileListPaths = (
				"${PODS_ROOT}/Target Support Files/Pods-MultiplatformMessenger (iOS)/Pods-MultiplatformMessenger (iOS)-frameworks-${CONFIGURATION}-output-files.xcfilelist",
			);
			runOnlyForDeploymentPostprocessing = 0;
			shellPath = /bin/sh;
			shellScript = "\"${PODS_ROOT}/Target Support Files/Pods-MultiplatformMessenger (iOS)/Pods-MultiplatformMessenger (iOS)-frameworks.sh\"\n";
			showEnvVarsInLog = 0;
		};
		E595213FBF413527B229733B /* [CP] Check Pods Manifest.lock */ = {
			isa = PBXShellScriptBuildPhase;
			buildActionMask = 2147483647;
			files = (
			);
			inputFileListPaths = (
			);
			inputPaths = (
				"${PODS_PODFILE_DIR_PATH}/Podfile.lock",
				"${PODS_ROOT}/Manifest.lock",
			);
			name = "[CP] Check Pods Manifest.lock";
			outputFileListPaths = (
			);
			outputPaths = (
				"$(DERIVED_FILE_DIR)/Pods-MultiplatformMessenger (iOS)-checkManifestLockResult.txt",
			);
			runOnlyForDeploymentPostprocessing = 0;
			shellPath = /bin/sh;
			shellScript = "diff \"${PODS_PODFILE_DIR_PATH}/Podfile.lock\" \"${PODS_ROOT}/Manifest.lock\" > /dev/null\nif [ $? != 0 ] ; then\n    # print error to STDERR\n    echo \"error: The sandbox is not in sync with the Podfile.lock. Run 'pod install' or update your CocoaPods installation.\" >&2\n    exit 1\nfi\n# This output is used by Xcode 'outputs' to avoid re-running this script phase.\necho \"SUCCESS\" > \"${SCRIPT_OUTPUT_FILE_0}\"\n";
			showEnvVarsInLog = 0;
		};
/* End PBXShellScriptBuildPhase section */

/* Begin PBXSourcesBuildPhase section */
		760CF8A7282E250600C60C94 /* Sources */ = {
			isa = PBXSourcesBuildPhase;
			buildActionMask = 2147483647;
			files = (
				760CF8F5282E29FF00C60C94 /* AuthEmployee.swift in Sources */,
				760CF8CC282E283A00C60C94 /* LoggedUser.swift in Sources */,
				760CF928282E2D4700C60C94 /* MentionMention.swift in Sources */,
				760CF91F282E2C9B00C60C94 /* CommonColor.swift in Sources */,
				760CF925282E2D1900C60C94 /* DateExtension.swift in Sources */,
				760CF8B6282E250600C60C94 /* ContentView.swift in Sources */,
				760CF8E6282E292500C60C94 /* DictionaryExtension.swift in Sources */,
				760CF937282E2F2D00C60C94 /* AppMain.swift in Sources */,
				760CF8EB282E296E00C60C94 /* AuthUser.swift in Sources */,
				760CF8FE282E2A7300C60C94 /* CommonCountry.swift in Sources */,
				760CF90D282E2B7500C60C94 /* CoreEntity.swift in Sources */,
				760CF8F8282E2A2C00C60C94 /* UserUser.swift in Sources */,
				760CF8CF282E288700C60C94 /* StringExtension.swift in Sources */,
				760CF8B4282E250600C60C94 /* MultiplatformMessengerApp.swift in Sources */,
				760CF8FB282E2A4D00C60C94 /* CommonApp.swift in Sources */,
				760CF8F2282E29A900C60C94 /* ApiCollection.swift in Sources */,
				760CF904282E2AC200C60C94 /* HRMQualification.swift in Sources */,
				760CF907282E2B1D00C60C94 /* DicoMqttMessage.swift in Sources */,
				760CF913282E2BBD00C60C94 /* MessengerChatRoom.swift in Sources */,
				760CF8EE282E299300C60C94 /* AuthPerson.swift in Sources */,
				760CF901282E2AA200C60C94 /* HRMEployee.swift in Sources */,
				760CF922282E2CCF00C60C94 /* TimeZoneExtension.swift in Sources */,
				760CF934282E2E7F00C60C94 /* DoubleTransformType.swift in Sources */,
				760CF92E282E2E5D00C60C94 /* ApiObjectTransformType.swift in Sources */,
				760CF919282E2C7600C60C94 /* FileFile.swift in Sources */,
				760CF90A282E2B4D00C60C94 /* MQTTClient.swift in Sources */,
				760CF8C8282E27DB00C60C94 /* UserService.swift in Sources */,
				760CF91C282E2C8600C60C94 /* CommonAction.swift in Sources */,
				760CF8F0282E29A500C60C94 /* ApiObject.swift in Sources */,
				760CF910282E2B9F00C60C94 /* MessengerMessage.swift in Sources */,
				760CF916282E2C5300C60C94 /* OHCenter.swift in Sources */,
				760CF92B282E2E4100C60C94 /* AnyApiObjectTransformType.swift in Sources */,
				760CF931282E2E6F00C60C94 /* DateTransformType.swift in Sources */,
			);
			runOnlyForDeploymentPostprocessing = 0;
		};
		760CF8AD282E250600C60C94 /* Sources */ = {
			isa = PBXSourcesBuildPhase;
			buildActionMask = 2147483647;
			files = (
				760CF8F6282E29FF00C60C94 /* AuthEmployee.swift in Sources */,
				760CF8CD282E283A00C60C94 /* LoggedUser.swift in Sources */,
				760CF929282E2D4700C60C94 /* MentionMention.swift in Sources */,
				760CF920282E2C9B00C60C94 /* CommonColor.swift in Sources */,
				760CF926282E2D1900C60C94 /* DateExtension.swift in Sources */,
				760CF8B7282E250600C60C94 /* ContentView.swift in Sources */,
				760CF8E7282E292500C60C94 /* DictionaryExtension.swift in Sources */,
				760CF938282E2F2D00C60C94 /* AppMain.swift in Sources */,
				760CF8EC282E296E00C60C94 /* AuthUser.swift in Sources */,
				760CF8FF282E2A7300C60C94 /* CommonCountry.swift in Sources */,
				760CF90E282E2B7500C60C94 /* CoreEntity.swift in Sources */,
				760CF8F9282E2A2C00C60C94 /* UserUser.swift in Sources */,
				760CF8D0282E288700C60C94 /* StringExtension.swift in Sources */,
				760CF8B5282E250600C60C94 /* MultiplatformMessengerApp.swift in Sources */,
				760CF8FC282E2A4D00C60C94 /* CommonApp.swift in Sources */,
				760CF8F3282E29A900C60C94 /* ApiCollection.swift in Sources */,
				760CF905282E2AC200C60C94 /* HRMQualification.swift in Sources */,
				760CF908282E2B1D00C60C94 /* DicoMqttMessage.swift in Sources */,
				760CF914282E2BBD00C60C94 /* MessengerChatRoom.swift in Sources */,
				760CF8EF282E299300C60C94 /* AuthPerson.swift in Sources */,
				760CF902282E2AA200C60C94 /* HRMEployee.swift in Sources */,
				760CF923282E2CCF00C60C94 /* TimeZoneExtension.swift in Sources */,
				760CF935282E2E7F00C60C94 /* DoubleTransformType.swift in Sources */,
				760CF92F282E2E5D00C60C94 /* ApiObjectTransformType.swift in Sources */,
				760CF91A282E2C7600C60C94 /* FileFile.swift in Sources */,
				760CF90B282E2B4D00C60C94 /* MQTTClient.swift in Sources */,
				760CF8C9282E27DB00C60C94 /* UserService.swift in Sources */,
				760CF91D282E2C8600C60C94 /* CommonAction.swift in Sources */,
				760CF8F1282E29A500C60C94 /* ApiObject.swift in Sources */,
				760CF911282E2B9F00C60C94 /* MessengerMessage.swift in Sources */,
				760CF917282E2C5300C60C94 /* OHCenter.swift in Sources */,
				760CF92C282E2E4100C60C94 /* AnyApiObjectTransformType.swift in Sources */,
				760CF932282E2E6F00C60C94 /* DateTransformType.swift in Sources */,
			);
			runOnlyForDeploymentPostprocessing = 0;
		};
/* End PBXSourcesBuildPhase section */

/* Begin XCBuildConfiguration section */
		760CF8BA282E250600C60C94 /* Debug */ = {
			isa = XCBuildConfiguration;
			buildSettings = {
				ALWAYS_SEARCH_USER_PATHS = NO;
				CLANG_ANALYZER_NONNULL = YES;
				CLANG_ANALYZER_NUMBER_OBJECT_CONVERSION = YES_AGGRESSIVE;
				CLANG_CXX_LANGUAGE_STANDARD = "gnu++17";
				CLANG_ENABLE_MODULES = YES;
				CLANG_ENABLE_OBJC_ARC = YES;
				CLANG_ENABLE_OBJC_WEAK = YES;
				CLANG_WARN_BLOCK_CAPTURE_AUTORELEASING = YES;
				CLANG_WARN_BOOL_CONVERSION = YES;
				CLANG_WARN_COMMA = YES;
				CLANG_WARN_CONSTANT_CONVERSION = YES;
				CLANG_WARN_DEPRECATED_OBJC_IMPLEMENTATIONS = YES;
				CLANG_WARN_DIRECT_OBJC_ISA_USAGE = YES_ERROR;
				CLANG_WARN_DOCUMENTATION_COMMENTS = YES;
				CLANG_WARN_EMPTY_BODY = YES;
				CLANG_WARN_ENUM_CONVERSION = YES;
				CLANG_WARN_INFINITE_RECURSION = YES;
				CLANG_WARN_INT_CONVERSION = YES;
				CLANG_WARN_NON_LITERAL_NULL_CONVERSION = YES;
				CLANG_WARN_OBJC_IMPLICIT_RETAIN_SELF = YES;
				CLANG_WARN_OBJC_LITERAL_CONVERSION = YES;
				CLANG_WARN_OBJC_ROOT_CLASS = YES_ERROR;
				CLANG_WARN_QUOTED_INCLUDE_IN_FRAMEWORK_HEADER = YES;
				CLANG_WARN_RANGE_LOOP_ANALYSIS = YES;
				CLANG_WARN_STRICT_PROTOTYPES = YES;
				CLANG_WARN_SUSPICIOUS_MOVE = YES;
				CLANG_WARN_UNGUARDED_AVAILABILITY = YES_AGGRESSIVE;
				CLANG_WARN_UNREACHABLE_CODE = YES;
				CLANG_WARN__DUPLICATE_METHOD_MATCH = YES;
				COPY_PHASE_STRIP = NO;
				DEBUG_INFORMATION_FORMAT = dwarf;
				ENABLE_STRICT_OBJC_MSGSEND = YES;
				ENABLE_TESTABILITY = YES;
				GCC_C_LANGUAGE_STANDARD = gnu11;
				GCC_DYNAMIC_NO_PIC = NO;
				GCC_NO_COMMON_BLOCKS = YES;
				GCC_OPTIMIZATION_LEVEL = 0;
				GCC_PREPROCESSOR_DEFINITIONS = (
					"DEBUG=1",
					"$(inherited)",
				);
				GCC_WARN_64_TO_32_BIT_CONVERSION = YES;
				GCC_WARN_ABOUT_RETURN_TYPE = YES_ERROR;
				GCC_WARN_UNDECLARED_SELECTOR = YES;
				GCC_WARN_UNINITIALIZED_AUTOS = YES_AGGRESSIVE;
				GCC_WARN_UNUSED_FUNCTION = YES;
				GCC_WARN_UNUSED_VARIABLE = YES;
				MTL_ENABLE_DEBUG_INFO = INCLUDE_SOURCE;
				MTL_FAST_MATH = YES;
				ONLY_ACTIVE_ARCH = YES;
				SWIFT_ACTIVE_COMPILATION_CONDITIONS = DEBUG;
				SWIFT_OPTIMIZATION_LEVEL = "-Onone";
			};
			name = Debug;
		};
		760CF8BB282E250600C60C94 /* Release */ = {
			isa = XCBuildConfiguration;
			buildSettings = {
				ALWAYS_SEARCH_USER_PATHS = NO;
				CLANG_ANALYZER_NONNULL = YES;
				CLANG_ANALYZER_NUMBER_OBJECT_CONVERSION = YES_AGGRESSIVE;
				CLANG_CXX_LANGUAGE_STANDARD = "gnu++17";
				CLANG_ENABLE_MODULES = YES;
				CLANG_ENABLE_OBJC_ARC = YES;
				CLANG_ENABLE_OBJC_WEAK = YES;
				CLANG_WARN_BLOCK_CAPTURE_AUTORELEASING = YES;
				CLANG_WARN_BOOL_CONVERSION = YES;
				CLANG_WARN_COMMA = YES;
				CLANG_WARN_CONSTANT_CONVERSION = YES;
				CLANG_WARN_DEPRECATED_OBJC_IMPLEMENTATIONS = YES;
				CLANG_WARN_DIRECT_OBJC_ISA_USAGE = YES_ERROR;
				CLANG_WARN_DOCUMENTATION_COMMENTS = YES;
				CLANG_WARN_EMPTY_BODY = YES;
				CLANG_WARN_ENUM_CONVERSION = YES;
				CLANG_WARN_INFINITE_RECURSION = YES;
				CLANG_WARN_INT_CONVERSION = YES;
				CLANG_WARN_NON_LITERAL_NULL_CONVERSION = YES;
				CLANG_WARN_OBJC_IMPLICIT_RETAIN_SELF = YES;
				CLANG_WARN_OBJC_LITERAL_CONVERSION = YES;
				CLANG_WARN_OBJC_ROOT_CLASS = YES_ERROR;
				CLANG_WARN_QUOTED_INCLUDE_IN_FRAMEWORK_HEADER = YES;
				CLANG_WARN_RANGE_LOOP_ANALYSIS = YES;
				CLANG_WARN_STRICT_PROTOTYPES = YES;
				CLANG_WARN_SUSPICIOUS_MOVE = YES;
				CLANG_WARN_UNGUARDED_AVAILABILITY = YES_AGGRESSIVE;
				CLANG_WARN_UNREACHABLE_CODE = YES;
				CLANG_WARN__DUPLICATE_METHOD_MATCH = YES;
				COPY_PHASE_STRIP = NO;
				DEBUG_INFORMATION_FORMAT = "dwarf-with-dsym";
				ENABLE_NS_ASSERTIONS = NO;
				ENABLE_STRICT_OBJC_MSGSEND = YES;
				GCC_C_LANGUAGE_STANDARD = gnu11;
				GCC_NO_COMMON_BLOCKS = YES;
				GCC_WARN_64_TO_32_BIT_CONVERSION = YES;
				GCC_WARN_ABOUT_RETURN_TYPE = YES_ERROR;
				GCC_WARN_UNDECLARED_SELECTOR = YES;
				GCC_WARN_UNINITIALIZED_AUTOS = YES_AGGRESSIVE;
				GCC_WARN_UNUSED_FUNCTION = YES;
				GCC_WARN_UNUSED_VARIABLE = YES;
				MTL_ENABLE_DEBUG_INFO = NO;
				MTL_FAST_MATH = YES;
				SWIFT_COMPILATION_MODE = wholemodule;
				SWIFT_OPTIMIZATION_LEVEL = "-O";
			};
			name = Release;
		};
		760CF8BD282E250600C60C94 /* Debug */ = {
			isa = XCBuildConfiguration;
			baseConfigurationReference = D07D33D8E18C25D8CA7AFFC2 /* Pods-MultiplatformMessenger (iOS).debug.xcconfig */;
			buildSettings = {
				ASSETCATALOG_COMPILER_APPICON_NAME = AppIcon;
				ASSETCATALOG_COMPILER_GLOBAL_ACCENT_COLOR_NAME = AccentColor;
				CODE_SIGN_STYLE = Automatic;
				CURRENT_PROJECT_VERSION = 1;
				ENABLE_PREVIEWS = YES;
				GENERATE_INFOPLIST_FILE = YES;
				INFOPLIST_KEY_UIApplicationSceneManifest_Generation = YES;
				INFOPLIST_KEY_UIApplicationSupportsIndirectInputEvents = YES;
				INFOPLIST_KEY_UILaunchScreen_Generation = YES;
				INFOPLIST_KEY_UISupportedInterfaceOrientations_iPad = "UIInterfaceOrientationPortrait UIInterfaceOrientationPortraitUpsideDown UIInterfaceOrientationLandscapeLeft UIInterfaceOrientationLandscapeRight";
				INFOPLIST_KEY_UISupportedInterfaceOrientations_iPhone = "UIInterfaceOrientationPortrait UIInterfaceOrientationLandscapeLeft UIInterfaceOrientationLandscapeRight";
				IPHONEOS_DEPLOYMENT_TARGET = 15.4;
				LD_RUNPATH_SEARCH_PATHS = (
					"$(inherited)",
					"@executable_path/Frameworks",
				);
				MARKETING_VERSION = 1.0;
				PRODUCT_BUNDLE_IDENTIFIER = cz.gabzdyldaniel.MultiplatformMessenger;
				PRODUCT_NAME = MultiplatformMessenger;
				SDKROOT = iphoneos;
				SWIFT_EMIT_LOC_STRINGS = YES;
				SWIFT_VERSION = 5.0;
				TARGETED_DEVICE_FAMILY = "1,2";
			};
			name = Debug;
		};
		760CF8BE282E250600C60C94 /* Release */ = {
			isa = XCBuildConfiguration;
			baseConfigurationReference = 756E5F0950CAC6D3169FCFD7 /* Pods-MultiplatformMessenger (iOS).release.xcconfig */;
			buildSettings = {
				ASSETCATALOG_COMPILER_APPICON_NAME = AppIcon;
				ASSETCATALOG_COMPILER_GLOBAL_ACCENT_COLOR_NAME = AccentColor;
				CODE_SIGN_STYLE = Automatic;
				CURRENT_PROJECT_VERSION = 1;
				ENABLE_PREVIEWS = YES;
				GENERATE_INFOPLIST_FILE = YES;
				INFOPLIST_KEY_UIApplicationSceneManifest_Generation = YES;
				INFOPLIST_KEY_UIApplicationSupportsIndirectInputEvents = YES;
				INFOPLIST_KEY_UILaunchScreen_Generation = YES;
				INFOPLIST_KEY_UISupportedInterfaceOrientations_iPad = "UIInterfaceOrientationPortrait UIInterfaceOrientationPortraitUpsideDown UIInterfaceOrientationLandscapeLeft UIInterfaceOrientationLandscapeRight";
				INFOPLIST_KEY_UISupportedInterfaceOrientations_iPhone = "UIInterfaceOrientationPortrait UIInterfaceOrientationLandscapeLeft UIInterfaceOrientationLandscapeRight";
				IPHONEOS_DEPLOYMENT_TARGET = 15.4;
				LD_RUNPATH_SEARCH_PATHS = (
					"$(inherited)",
					"@executable_path/Frameworks",
				);
				MARKETING_VERSION = 1.0;
				PRODUCT_BUNDLE_IDENTIFIER = cz.gabzdyldaniel.MultiplatformMessenger;
				PRODUCT_NAME = MultiplatformMessenger;
				SDKROOT = iphoneos;
				SWIFT_EMIT_LOC_STRINGS = YES;
				SWIFT_VERSION = 5.0;
				TARGETED_DEVICE_FAMILY = "1,2";
				VALIDATE_PRODUCT = YES;
			};
			name = Release;
		};
		760CF8C0282E250600C60C94 /* Debug */ = {
			isa = XCBuildConfiguration;
			baseConfigurationReference = 37A96FA52D4B0665C063FC89 /* Pods-MultiplatformMessenger (macOS).debug.xcconfig */;
			buildSettings = {
				ASSETCATALOG_COMPILER_APPICON_NAME = AppIcon;
				ASSETCATALOG_COMPILER_GLOBAL_ACCENT_COLOR_NAME = AccentColor;
				CODE_SIGN_ENTITLEMENTS = macOS/macOS.entitlements;
				CODE_SIGN_STYLE = Automatic;
				COMBINE_HIDPI_IMAGES = YES;
				CURRENT_PROJECT_VERSION = 1;
				ENABLE_PREVIEWS = YES;
				GENERATE_INFOPLIST_FILE = YES;
				INFOPLIST_KEY_NSHumanReadableCopyright = "";
				LD_RUNPATH_SEARCH_PATHS = (
					"$(inherited)",
					"@executable_path/../Frameworks",
				);
				MACOSX_DEPLOYMENT_TARGET = 12.3;
				MARKETING_VERSION = 1.0;
				PRODUCT_BUNDLE_IDENTIFIER = cz.gabzdyldaniel.MultiplatformMessenger;
				PRODUCT_NAME = MultiplatformMessenger;
				SDKROOT = macosx;
				SWIFT_EMIT_LOC_STRINGS = YES;
				SWIFT_VERSION = 5.0;
			};
			name = Debug;
		};
		760CF8C1282E250600C60C94 /* Release */ = {
			isa = XCBuildConfiguration;
			baseConfigurationReference = 4678B48B1F136FFCF4454EBC /* Pods-MultiplatformMessenger (macOS).release.xcconfig */;
			buildSettings = {
				ASSETCATALOG_COMPILER_APPICON_NAME = AppIcon;
				ASSETCATALOG_COMPILER_GLOBAL_ACCENT_COLOR_NAME = AccentColor;
				CODE_SIGN_ENTITLEMENTS = macOS/macOS.entitlements;
				CODE_SIGN_STYLE = Automatic;
				COMBINE_HIDPI_IMAGES = YES;
				CURRENT_PROJECT_VERSION = 1;
				ENABLE_PREVIEWS = YES;
				GENERATE_INFOPLIST_FILE = YES;
				INFOPLIST_KEY_NSHumanReadableCopyright = "";
				LD_RUNPATH_SEARCH_PATHS = (
					"$(inherited)",
					"@executable_path/../Frameworks",
				);
				MACOSX_DEPLOYMENT_TARGET = 12.3;
				MARKETING_VERSION = 1.0;
				PRODUCT_BUNDLE_IDENTIFIER = cz.gabzdyldaniel.MultiplatformMessenger;
				PRODUCT_NAME = MultiplatformMessenger;
				SDKROOT = macosx;
				SWIFT_EMIT_LOC_STRINGS = YES;
				SWIFT_VERSION = 5.0;
			};
			name = Release;
		};
/* End XCBuildConfiguration section */

/* Begin XCConfigurationList section */
		760CF8A2282E250400C60C94 /* Build configuration list for PBXProject "MultiplatformMessenger" */ = {
			isa = XCConfigurationList;
			buildConfigurations = (
				760CF8BA282E250600C60C94 /* Debug */,
				760CF8BB282E250600C60C94 /* Release */,
			);
			defaultConfigurationIsVisible = 0;
			defaultConfigurationName = Release;
		};
		760CF8BC282E250600C60C94 /* Build configuration list for PBXNativeTarget "MultiplatformMessenger (iOS)" */ = {
			isa = XCConfigurationList;
			buildConfigurations = (
				760CF8BD282E250600C60C94 /* Debug */,
				760CF8BE282E250600C60C94 /* Release */,
			);
			defaultConfigurationIsVisible = 0;
			defaultConfigurationName = Release;
		};
		760CF8BF282E250600C60C94 /* Build configuration list for PBXNativeTarget "MultiplatformMessenger (macOS)" */ = {
			isa = XCConfigurationList;
			buildConfigurations = (
				760CF8C0282E250600C60C94 /* Debug */,
				760CF8C1282E250600C60C94 /* Release */,
			);
			defaultConfigurationIsVisible = 0;
			defaultConfigurationName = Release;
		};
/* End XCConfigurationList section */
	};
	rootObject = 760CF89F282E250400C60C94 /* Project object */;
}
